
Microsoft Visual Studio Solution File, Format Version 12.00
# Visual Studio Version 18
VisualStudioVersion = 18.0.11205.157
MinimumVisualStudioVersion = 10.0.40219.1
Project("{FAE04EC0-301F-11D3-BF4B-00C04F79EFBC}") = "ToDoTimeManager.WebApi", "ToDoTimeManager.WebApi\ToDoTimeManager.WebApi.csproj", "{F1806FE9-AF02-449C-8C5A-9F2F00E51F4B}"
EndProject
Project("{FAE04EC0-301F-11D3-BF4B-00C04F79EFBC}") = "ToDoTimeManager.AppHost", "ToDoTimeManager.AppHost\ToDoTimeManager.AppHost.csproj", "{A1111111-1111-1111-1111-111111111101}"
EndProject
Project("{FAE04EC0-301F-11D3-BF4B-00C04F79EFBC}") = "ToDoTimeManager.DbPublisher", "ToDoTimeManager.DbPublisher\ToDoTimeManager.DbPublisher.csproj", "{A1111111-1111-1111-1111-111111111104}"
EndProject
Project("{FAE04EC0-301F-11D3-BF4B-00C04F79EFBC}") = "ToDoTimeManager.ServiceDefaults", "ToDoTimeManager.ServiceDefaults\ToDoTimeManager.ServiceDefaults.csproj", "{A1111111-1111-1111-1111-111111111102}"
EndProject
Project("{2150E333-8FDC-42A3-9474-1A3956D46DE8}") = "Aspire", "Aspire", "{A1111111-1111-1111-1111-111111111103}"
EndProject
Project("{FAE04EC0-301F-11D3-BF4B-00C04F79EFBC}") = "ToDoTimeManager.Shared", "ToDoTimeManager.Shared\ToDoTimeManager.Shared.csproj", "{AB354B65-52EF-4166-8284-918A2762A8AD}"
EndProject
Project("{00D1A9C2-B5F0-4AF3-8072-F6C62B433612}") = "ToDoTimeManager.DataBase", "ToDoTimeManager.DataBase\ToDoTimeManager.DataBase.sqlproj", "{3E163162-A8EB-4B92-A8F6-82F8AE80DEB3}"
EndProject
Project("{FAE04EC0-301F-11D3-BF4B-00C04F79EFBC}") = "ToDoTimeManager.WebUI", "ToDoTimeManager.WebUI\ToDoTimeManager.WebUI.csproj", "{F6A424A1-2D9A-4B57-A30A-6D2F7CB1FE8D}"
EndProject
Project("{FAE04EC0-301F-11D3-BF4B-00C04F79EFBC}") = "ToDoTimeManager.Business", "ToDoTimeManager.Business\ToDoTimeManager.Business.csproj", "{74E7C8EC-2587-440B-86CA-9896A82F7D83}"
EndProject
Project("{FAE04EC0-301F-11D3-BF4B-00C04F79EFBC}") = "ToDoTimeManager.Entities", "ToDoTimeManager.Entities\ToDoTimeManager.Entities.csproj", "{55DD4328-68A6-4801-9C94-00A5EB7B16CF}"
EndProject
Project("{FAE04EC0-301F-11D3-BF4B-00C04F79EFBC}") = "ToDoTimeManager.Business.Utils", "ToDoTimeManager.Business.Utils\ToDoTimeManager.Business.Utils.csproj", "{58474A0E-48DA-4F08-ACEB-6F9D08D19F8B}"
EndProject
Project("{FAE04EC0-301F-11D3-BF4B-00C04F79EFBC}") = "ToDoTimeManager.DataAccess", "ToDoTimeManager.DataAccess\ToDoTimeManager.DataAccess.csproj", "{6D6F2E90-562F-4047-ACBD-F3A9976CA761}"
EndProject
Project("{2150E333-8FDC-42A3-9474-1A3956D46DE8}") = "Backend", "Backend", "{B22A1379-8C9C-4E8E-A257-D16520C81E7F}"
EndProject
Project("{2150E333-8FDC-42A3-9474-1A3956D46DE8}") = "Frontend", "Frontend", "{F4088920-FA1A-4BE3-A578-BED66E96F81D}"
EndProject
Project("{2150E333-8FDC-42A3-9474-1A3956D46DE8}") = "Shared", "Shared", "{CE5D46BD-B3C3-43E2-AFD6-2A74C083CF1E}"
EndProject
Project("{2150E333-8FDC-42A3-9474-1A3956D46DE8}") = "DataBases", "DataBases", "{DCA028F3-6569-49B0-90D3-F6D67814AA0A}"
EndProject
Project("{FAE04EC0-301F-11D3-BF4B-00C04F79EFBC}") = "ToDoTimeManager.WebUI.Components", "ToDoTimeManager.WebUI.Components\ToDoTimeManager.WebUI.Components.csproj", "{38DC50C2-2DA7-E3EA-11FB-B12D231C81A1}"
EndProject
Project("{FAE04EC0-301F-11D3-BF4B-00C04F79EFBC}") = "ToDoTimeManager.WebUI.Services", "ToDoTimeManager.WebUI.Services\ToDoTimeManager.WebUI.Services.csproj", "{2E19AFD9-EA29-4BE7-BFAE-93AA48B20139}"
EndProject
Project("{FAE04EC0-301F-11D3-BF4B-00C04F79EFBC}") = "ToDoTimeManager.WebUI.Utils", "ToDoTimeManager.WebUI.Utils\ToDoTimeManager.WebUI.Utils.csproj", "{71392D3A-5CB8-45B4-8CDD-B1CEF836F45F}"
EndProject
Project("{FAE04EC0-301F-11D3-BF4B-00C04F79EFBC}") = "ToDoTimeManager.WebUI.Models", "ToDoTimeManager.WebUI.Models\ToDoTimeManager.WebUI.Models.csproj", "{103DCA50-E698-4E32-BDC8-29D961C86509}"
EndProject
Global
	GlobalSection(SolutionConfigurationPlatforms) = preSolution
		Debug|Any CPU = Debug|Any CPU
		Debug|x64 = Debug|x64
		Debug|x86 = Debug|x86
		Release|Any CPU = Release|Any CPU
		Release|x64 = Release|x64
		Release|x86 = Release|x86
	EndGlobalSection
	GlobalSection(ProjectConfigurationPlatforms) = postSolution
		{F1806FE9-AF02-449C-8C5A-9F2F00E51F4B}.Debug|Any CPU.ActiveCfg = Debug|Any CPU
		{F1806FE9-AF02-449C-8C5A-9F2F00E51F4B}.Debug|Any CPU.Build.0 = Debug|Any CPU
		{F1806FE9-AF02-449C-8C5A-9F2F00E51F4B}.Debug|x64.ActiveCfg = Debug|Any CPU
		{F1806FE9-AF02-449C-8C5A-9F2F00E51F4B}.Debug|x64.Build.0 = Debug|Any CPU
		{F1806FE9-AF02-449C-8C5A-9F2F00E51F4B}.Debug|x86.ActiveCfg = Debug|Any CPU
		{F1806FE9-AF02-449C-8C5A-9F2F00E51F4B}.Debug|x86.Build.0 = Debug|Any CPU
		{F1806FE9-AF02-449C-8C5A-9F2F00E51F4B}.Release|Any CPU.ActiveCfg = Release|Any CPU
		{F1806FE9-AF02-449C-8C5A-9F2F00E51F4B}.Release|Any CPU.Build.0 = Release|Any CPU
		{F1806FE9-AF02-449C-8C5A-9F2F00E51F4B}.Release|x64.ActiveCfg = Release|Any CPU
		{F1806FE9-AF02-449C-8C5A-9F2F00E51F4B}.Release|x64.Build.0 = Release|Any CPU
		{F1806FE9-AF02-449C-8C5A-9F2F00E51F4B}.Release|x86.ActiveCfg = Release|Any CPU
		{F1806FE9-AF02-449C-8C5A-9F2F00E51F4B}.Release|x86.Build.0 = Release|Any CPU
		{A1111111-1111-1111-1111-111111111101}.Debug|Any CPU.ActiveCfg = Debug|Any CPU
		{A1111111-1111-1111-1111-111111111101}.Debug|Any CPU.Build.0 = Debug|Any CPU
		{A1111111-1111-1111-1111-111111111101}.Debug|x64.ActiveCfg = Debug|Any CPU
		{A1111111-1111-1111-1111-111111111101}.Debug|x64.Build.0 = Debug|Any CPU
		{A1111111-1111-1111-1111-111111111101}.Debug|x86.ActiveCfg = Debug|Any CPU
		{A1111111-1111-1111-1111-111111111101}.Debug|x86.Build.0 = Debug|Any CPU
		{A1111111-1111-1111-1111-111111111101}.Release|Any CPU.ActiveCfg = Release|Any CPU
		{A1111111-1111-1111-1111-111111111101}.Release|Any CPU.Build.0 = Release|Any CPU
		{A1111111-1111-1111-1111-111111111101}.Release|x64.ActiveCfg = Release|Any CPU
		{A1111111-1111-1111-1111-111111111101}.Release|x64.Build.0 = Release|Any CPU
		{A1111111-1111-1111-1111-111111111101}.Release|x86.ActiveCfg = Release|Any CPU
		{A1111111-1111-1111-1111-111111111101}.Release|x86.Build.0 = Release|Any CPU
		{A1111111-1111-1111-1111-111111111104}.Debug|Any CPU.ActiveCfg = Debug|Any CPU
		{A1111111-1111-1111-1111-111111111104}.Debug|Any CPU.Build.0 = Debug|Any CPU
		{A1111111-1111-1111-1111-111111111104}.Debug|x64.ActiveCfg = Debug|Any CPU
		{A1111111-1111-1111-1111-111111111104}.Debug|x64.Build.0 = Debug|Any CPU
		{A1111111-1111-1111-1111-111111111104}.Debug|x86.ActiveCfg = Debug|Any CPU
		{A1111111-1111-1111-1111-111111111104}.Debug|x86.Build.0 = Debug|Any CPU
		{A1111111-1111-1111-1111-111111111104}.Release|Any CPU.ActiveCfg = Release|Any CPU
		{A1111111-1111-1111-1111-111111111104}.Release|Any CPU.Build.0 = Release|Any CPU
		{A1111111-1111-1111-1111-111111111104}.Release|x64.ActiveCfg = Release|Any CPU
		{A1111111-1111-1111-1111-111111111104}.Release|x64.Build.0 = Release|Any CPU
		{A1111111-1111-1111-1111-111111111104}.Release|x86.ActiveCfg = Release|Any CPU
		{A1111111-1111-1111-1111-111111111104}.Release|x86.Build.0 = Release|Any CPU
		{A1111111-1111-1111-1111-111111111102}.Debug|Any CPU.ActiveCfg = Debug|Any CPU
		{A1111111-1111-1111-1111-111111111102}.Debug|Any CPU.Build.0 = Debug|Any CPU
		{A1111111-1111-1111-1111-111111111102}.Debug|x64.ActiveCfg = Debug|Any CPU
		{A1111111-1111-1111-1111-111111111102}.Debug|x64.Build.0 = Debug|Any CPU
		{A1111111-1111-1111-1111-111111111102}.Debug|x86.ActiveCfg = Debug|Any CPU
		{A1111111-1111-1111-1111-111111111102}.Debug|x86.Build.0 = Debug|Any CPU
		{A1111111-1111-1111-1111-111111111102}.Release|Any CPU.ActiveCfg = Release|Any CPU
		{A1111111-1111-1111-1111-111111111102}.Release|Any CPU.Build.0 = Release|Any CPU
		{A1111111-1111-1111-1111-111111111102}.Release|x64.ActiveCfg = Release|Any CPU
		{A1111111-1111-1111-1111-111111111102}.Release|x64.Build.0 = Release|Any CPU
		{A1111111-1111-1111-1111-111111111102}.Release|x86.ActiveCfg = Release|Any CPU
		{A1111111-1111-1111-1111-111111111102}.Release|x86.Build.0 = Release|Any CPU
		{AB354B65-52EF-4166-8284-918A2762A8AD}.Debug|Any CPU.ActiveCfg = Debug|Any CPU
		{AB354B65-52EF-4166-8284-918A2762A8AD}.Debug|Any CPU.Build.0 = Debug|Any CPU
		{AB354B65-52EF-4166-8284-918A2762A8AD}.Debug|x64.ActiveCfg = Debug|Any CPU
		{AB354B65-52EF-4166-8284-918A2762A8AD}.Debug|x64.Build.0 = Debug|Any CPU
		{AB354B65-52EF-4166-8284-918A2762A8AD}.Debug|x86.ActiveCfg = Debug|Any CPU
		{AB354B65-52EF-4166-8284-918A2762A8AD}.Debug|x86.Build.0 = Debug|Any CPU
		{AB354B65-52EF-4166-8284-918A2762A8AD}.Release|Any CPU.ActiveCfg = Release|Any CPU
		{AB354B65-52EF-4166-8284-918A2762A8AD}.Release|Any CPU.Build.0 = Release|Any CPU
		{AB354B65-52EF-4166-8284-918A2762A8AD}.Release|x64.ActiveCfg = Release|Any CPU
		{AB354B65-52EF-4166-8284-918A2762A8AD}.Release|x64.Build.0 = Release|Any CPU
		{AB354B65-52EF-4166-8284-918A2762A8AD}.Release|x86.ActiveCfg = Release|Any CPU
		{AB354B65-52EF-4166-8284-918A2762A8AD}.Release|x86.Build.0 = Release|Any CPU
		{3E163162-A8EB-4B92-A8F6-82F8AE80DEB3}.Debug|Any CPU.ActiveCfg = Debug|Any CPU
		{3E163162-A8EB-4B92-A8F6-82F8AE80DEB3}.Debug|Any CPU.Build.0 = Debug|Any CPU
		{3E163162-A8EB-4B92-A8F6-82F8AE80DEB3}.Debug|Any CPU.Deploy.0 = Debug|Any CPU
		{3E163162-A8EB-4B92-A8F6-82F8AE80DEB3}.Debug|x64.ActiveCfg = Debug|x64
		{3E163162-A8EB-4B92-A8F6-82F8AE80DEB3}.Debug|x86.ActiveCfg = Debug|x86
		{3E163162-A8EB-4B92-A8F6-82F8AE80DEB3}.Release|Any CPU.ActiveCfg = Release|Any CPU
		{3E163162-A8EB-4B92-A8F6-82F8AE80DEB3}.Release|Any CPU.Build.0 = Release|Any CPU
		{3E163162-A8EB-4B92-A8F6-82F8AE80DEB3}.Release|Any CPU.Deploy.0 = Release|Any CPU
		{3E163162-A8EB-4B92-A8F6-82F8AE80DEB3}.Release|x64.ActiveCfg = Release|x64
		{3E163162-A8EB-4B92-A8F6-82F8AE80DEB3}.Release|x86.ActiveCfg = Release|x86
		{F6A424A1-2D9A-4B57-A30A-6D2F7CB1FE8D}.Debug|Any CPU.ActiveCfg = Debug|Any CPU
		{F6A424A1-2D9A-4B57-A30A-6D2F7CB1FE8D}.Debug|Any CPU.Build.0 = Debug|Any CPU
		{F6A424A1-2D9A-4B57-A30A-6D2F7CB1FE8D}.Debug|x64.ActiveCfg = Debug|Any CPU
		{F6A424A1-2D9A-4B57-A30A-6D2F7CB1FE8D}.Debug|x64.Build.0 = Debug|Any CPU
		{F6A424A1-2D9A-4B57-A30A-6D2F7CB1FE8D}.Debug|x86.ActiveCfg = Debug|Any CPU
		{F6A424A1-2D9A-4B57-A30A-6D2F7CB1FE8D}.Debug|x86.Build.0 = Debug|Any CPU
		{F6A424A1-2D9A-4B57-A30A-6D2F7CB1FE8D}.Release|Any CPU.ActiveCfg = Release|Any CPU
		{F6A424A1-2D9A-4B57-A30A-6D2F7CB1FE8D}.Release|Any CPU.Build.0 = Release|Any CPU
		{F6A424A1-2D9A-4B57-A30A-6D2F7CB1FE8D}.Release|x64.ActiveCfg = Release|Any CPU
		{F6A424A1-2D9A-4B57-A30A-6D2F7CB1FE8D}.Release|x64.Build.0 = Release|Any CPU
		{F6A424A1-2D9A-4B57-A30A-6D2F7CB1FE8D}.Release|x86.ActiveCfg = Release|Any CPU
		{F6A424A1-2D9A-4B57-A30A-6D2F7CB1FE8D}.Release|x86.Build.0 = Release|Any CPU
		{74E7C8EC-2587-440B-86CA-9896A82F7D83}.Debug|Any CPU.ActiveCfg = Debug|Any CPU
		{74E7C8EC-2587-440B-86CA-9896A82F7D83}.Debug|Any CPU.Build.0 = Debug|Any CPU
		{74E7C8EC-2587-440B-86CA-9896A82F7D83}.Debug|x64.ActiveCfg = Debug|Any CPU
		{74E7C8EC-2587-440B-86CA-9896A82F7D83}.Debug|x64.Build.0 = Debug|Any CPU
		{74E7C8EC-2587-440B-86CA-9896A82F7D83}.Debug|x86.ActiveCfg = Debug|Any CPU
		{74E7C8EC-2587-440B-86CA-9896A82F7D83}.Debug|x86.Build.0 = Debug|Any CPU
		{74E7C8EC-2587-440B-86CA-9896A82F7D83}.Release|Any CPU.ActiveCfg = Release|Any CPU
		{74E7C8EC-2587-440B-86CA-9896A82F7D83}.Release|Any CPU.Build.0 = Release|Any CPU
		{74E7C8EC-2587-440B-86CA-9896A82F7D83}.Release|x64.ActiveCfg = Release|Any CPU
		{74E7C8EC-2587-440B-86CA-9896A82F7D83}.Release|x64.Build.0 = Release|Any CPU
		{74E7C8EC-2587-440B-86CA-9896A82F7D83}.Release|x86.ActiveCfg = Release|Any CPU
		{74E7C8EC-2587-440B-86CA-9896A82F7D83}.Release|x86.Build.0 = Release|Any CPU
		{55DD4328-68A6-4801-9C94-00A5EB7B16CF}.Debug|Any CPU.ActiveCfg = Debug|Any CPU
		{55DD4328-68A6-4801-9C94-00A5EB7B16CF}.Debug|Any CPU.Build.0 = Debug|Any CPU
		{55DD4328-68A6-4801-9C94-00A5EB7B16CF}.Debug|x64.ActiveCfg = Debug|Any CPU
		{55DD4328-68A6-4801-9C94-00A5EB7B16CF}.Debug|x64.Build.0 = Debug|Any CPU
		{55DD4328-68A6-4801-9C94-00A5EB7B16CF}.Debug|x86.ActiveCfg = Debug|Any CPU
		{55DD4328-68A6-4801-9C94-00A5EB7B16CF}.Debug|x86.Build.0 = Debug|Any CPU
		{55DD4328-68A6-4801-9C94-00A5EB7B16CF}.Release|Any CPU.ActiveCfg = Release|Any CPU
		{55DD4328-68A6-4801-9C94-00A5EB7B16CF}.Release|Any CPU.Build.0 = Release|Any CPU
		{55DD4328-68A6-4801-9C94-00A5EB7B16CF}.Release|x64.ActiveCfg = Release|Any CPU
		{55DD4328-68A6-4801-9C94-00A5EB7B16CF}.Release|x64.Build.0 = Release|Any CPU
		{55DD4328-68A6-4801-9C94-00A5EB7B16CF}.Release|x86.ActiveCfg = Release|Any CPU
		{55DD4328-68A6-4801-9C94-00A5EB7B16CF}.Release|x86.Build.0 = Release|Any CPU
		{58474A0E-48DA-4F08-ACEB-6F9D08D19F8B}.Debug|Any CPU.ActiveCfg = Debug|Any CPU
		{58474A0E-48DA-4F08-ACEB-6F9D08D19F8B}.Debug|Any CPU.Build.0 = Debug|Any CPU
		{58474A0E-48DA-4F08-ACEB-6F9D08D19F8B}.Debug|x64.ActiveCfg = Debug|Any CPU
		{58474A0E-48DA-4F08-ACEB-6F9D08D19F8B}.Debug|x64.Build.0 = Debug|Any CPU
		{58474A0E-48DA-4F08-ACEB-6F9D08D19F8B}.Debug|x86.ActiveCfg = Debug|Any CPU
		{58474A0E-48DA-4F08-ACEB-6F9D08D19F8B}.Debug|x86.Build.0 = Debug|Any CPU
		{58474A0E-48DA-4F08-ACEB-6F9D08D19F8B}.Release|Any CPU.ActiveCfg = Release|Any CPU
		{58474A0E-48DA-4F08-ACEB-6F9D08D19F8B}.Release|Any CPU.Build.0 = Release|Any CPU
		{58474A0E-48DA-4F08-ACEB-6F9D08D19F8B}.Release|x64.ActiveCfg = Release|Any CPU
		{58474A0E-48DA-4F08-ACEB-6F9D08D19F8B}.Release|x64.Build.0 = Release|Any CPU
		{58474A0E-48DA-4F08-ACEB-6F9D08D19F8B}.Release|x86.ActiveCfg = Release|Any CPU
		{58474A0E-48DA-4F08-ACEB-6F9D08D19F8B}.Release|x86.Build.0 = Release|Any CPU
		{6D6F2E90-562F-4047-ACBD-F3A9976CA761}.Debug|Any CPU.ActiveCfg = Debug|Any CPU
		{6D6F2E90-562F-4047-ACBD-F3A9976CA761}.Debug|Any CPU.Build.0 = Debug|Any CPU
		{6D6F2E90-562F-4047-ACBD-F3A9976CA761}.Debug|x64.ActiveCfg = Debug|Any CPU
		{6D6F2E90-562F-4047-ACBD-F3A9976CA761}.Debug|x64.Build.0 = Debug|Any CPU
		{6D6F2E90-562F-4047-ACBD-F3A9976CA761}.Debug|x86.ActiveCfg = Debug|Any CPU
		{6D6F2E90-562F-4047-ACBD-F3A9976CA761}.Debug|x86.Build.0 = Debug|Any CPU
		{6D6F2E90-562F-4047-ACBD-F3A9976CA761}.Release|Any CPU.ActiveCfg = Release|Any CPU
		{6D6F2E90-562F-4047-ACBD-F3A9976CA761}.Release|Any CPU.Build.0 = Release|Any CPU
		{6D6F2E90-562F-4047-ACBD-F3A9976CA761}.Release|x64.ActiveCfg = Release|Any CPU
		{6D6F2E90-562F-4047-ACBD-F3A9976CA761}.Release|x64.Build.0 = Release|Any CPU
		{6D6F2E90-562F-4047-ACBD-F3A9976CA761}.Release|x86.ActiveCfg = Release|Any CPU
		{6D6F2E90-562F-4047-ACBD-F3A9976CA761}.Release|x86.Build.0 = Release|Any CPU
		{38DC50C2-2DA7-E3EA-11FB-B12D231C81A1}.Debug|Any CPU.ActiveCfg = Debug|Any CPU
		{38DC50C2-2DA7-E3EA-11FB-B12D231C81A1}.Debug|Any CPU.Build.0 = Debug|Any CPU
		{38DC50C2-2DA7-E3EA-11FB-B12D231C81A1}.Debug|x64.ActiveCfg = Debug|Any CPU
		{38DC50C2-2DA7-E3EA-11FB-B12D231C81A1}.Debug|x64.Build.0 = Debug|Any CPU
		{38DC50C2-2DA7-E3EA-11FB-B12D231C81A1}.Debug|x86.ActiveCfg = Debug|Any CPU
		{38DC50C2-2DA7-E3EA-11FB-B12D231C81A1}.Debug|x86.Build.0 = Debug|Any CPU
		{38DC50C2-2DA7-E3EA-11FB-B12D231C81A1}.Release|Any CPU.ActiveCfg = Release|Any CPU
		{38DC50C2-2DA7-E3EA-11FB-B12D231C81A1}.Release|Any CPU.Build.0 = Release|Any CPU
		{38DC50C2-2DA7-E3EA-11FB-B12D231C81A1}.Release|x64.ActiveCfg = Release|Any CPU
		{38DC50C2-2DA7-E3EA-11FB-B12D231C81A1}.Release|x64.Build.0 = Release|Any CPU
		{38DC50C2-2DA7-E3EA-11FB-B12D231C81A1}.Release|x86.ActiveCfg = Release|Any CPU
		{38DC50C2-2DA7-E3EA-11FB-B12D231C81A1}.Release|x86.Build.0 = Release|Any CPU
		{2E19AFD9-EA29-4BE7-BFAE-93AA48B20139}.Debug|Any CPU.ActiveCfg = Debug|Any CPU
		{2E19AFD9-EA29-4BE7-BFAE-93AA48B20139}.Debug|Any CPU.Build.0 = Debug|Any CPU
		{2E19AFD9-EA29-4BE7-BFAE-93AA48B20139}.Debug|x64.ActiveCfg = Debug|Any CPU
		{2E19AFD9-EA29-4BE7-BFAE-93AA48B20139}.Debug|x64.Build.0 = Debug|Any CPU
		{2E19AFD9-EA29-4BE7-BFAE-93AA48B20139}.Debug|x86.ActiveCfg = Debug|Any CPU
		{2E19AFD9-EA29-4BE7-BFAE-93AA48B20139}.Debug|x86.Build.0 = Debug|Any CPU
		{2E19AFD9-EA29-4BE7-BFAE-93AA48B20139}.Release|Any CPU.ActiveCfg = Release|Any CPU
		{2E19AFD9-EA29-4BE7-BFAE-93AA48B20139}.Release|Any CPU.Build.0 = Release|Any CPU
		{2E19AFD9-EA29-4BE7-BFAE-93AA48B20139}.Release|x64.ActiveCfg = Release|Any CPU
		{2E19AFD9-EA29-4BE7-BFAE-93AA48B20139}.Release|x64.Build.0 = Release|Any CPU
		{2E19AFD9-EA29-4BE7-BFAE-93AA48B20139}.Release|x86.ActiveCfg = Release|Any CPU
		{2E19AFD9-EA29-4BE7-BFAE-93AA48B20139}.Release|x86.Build.0 = Release|Any CPU
		{71392D3A-5CB8-45B4-8CDD-B1CEF836F45F}.Debug|Any CPU.ActiveCfg = Debug|Any CPU
		{71392D3A-5CB8-45B4-8CDD-B1CEF836F45F}.Debug|Any CPU.Build.0 = Debug|Any CPU
		{71392D3A-5CB8-45B4-8CDD-B1CEF836F45F}.Debug|x64.ActiveCfg = Debug|Any CPU
		{71392D3A-5CB8-45B4-8CDD-B1CEF836F45F}.Debug|x64.Build.0 = Debug|Any CPU
		{71392D3A-5CB8-45B4-8CDD-B1CEF836F45F}.Debug|x86.ActiveCfg = Debug|Any CPU
		{71392D3A-5CB8-45B4-8CDD-B1CEF836F45F}.Debug|x86.Build.0 = Debug|Any CPU
		{71392D3A-5CB8-45B4-8CDD-B1CEF836F45F}.Release|Any CPU.ActiveCfg = Release|Any CPU
		{71392D3A-5CB8-45B4-8CDD-B1CEF836F45F}.Release|Any CPU.Build.0 = Release|Any CPU
		{71392D3A-5CB8-45B4-8CDD-B1CEF836F45F}.Release|x64.ActiveCfg = Release|Any CPU
		{71392D3A-5CB8-45B4-8CDD-B1CEF836F45F}.Release|x64.Build.0 = Release|Any CPU
		{71392D3A-5CB8-45B4-8CDD-B1CEF836F45F}.Release|x86.ActiveCfg = Release|Any CPU
		{71392D3A-5CB8-45B4-8CDD-B1CEF836F45F}.Release|x86.Build.0 = Release|Any CPU
		{103DCA50-E698-4E32-BDC8-29D961C86509}.Debug|Any CPU.ActiveCfg = Debug|Any CPU
		{103DCA50-E698-4E32-BDC8-29D961C86509}.Debug|Any CPU.Build.0 = Debug|Any CPU
		{103DCA50-E698-4E32-BDC8-29D961C86509}.Debug|x64.ActiveCfg = Debug|Any CPU
		{103DCA50-E698-4E32-BDC8-29D961C86509}.Debug|x64.Build.0 = Debug|Any CPU
		{103DCA50-E698-4E32-BDC8-29D961C86509}.Debug|x86.ActiveCfg = Debug|Any CPU
		{103DCA50-E698-4E32-BDC8-29D961C86509}.Debug|x86.Build.0 = Debug|Any CPU
		{103DCA50-E698-4E32-BDC8-29D961C86509}.Release|Any CPU.ActiveCfg = Release|Any CPU
		{103DCA50-E698-4E32-BDC8-29D961C86509}.Release|Any CPU.Build.0 = Release|Any CPU
		{103DCA50-E698-4E32-BDC8-29D961C86509}.Release|x64.ActiveCfg = Release|Any CPU
		{103DCA50-E698-4E32-BDC8-29D961C86509}.Release|x64.Build.0 = Release|Any CPU
		{103DCA50-E698-4E32-BDC8-29D961C86509}.Release|x86.ActiveCfg = Release|Any CPU
		{103DCA50-E698-4E32-BDC8-29D961C86509}.Release|x86.Build.0 = Release|Any CPU
	EndGlobalSection
	GlobalSection(SolutionProperties) = preSolution
		HideSolutionNode = FALSE
	EndGlobalSection
	GlobalSection(NestedProjects) = preSolution
		{F1806FE9-AF02-449C-8C5A-9F2F00E51F4B} = {B22A1379-8C9C-4E8E-A257-D16520C81E7F}
		{A1111111-1111-1111-1111-111111111101} = {A1111111-1111-1111-1111-111111111103}
		{A1111111-1111-1111-1111-111111111104} = {A1111111-1111-1111-1111-111111111103}
		{A1111111-1111-1111-1111-111111111102} = {A1111111-1111-1111-1111-111111111103}
		{AB354B65-52EF-4166-8284-918A2762A8AD} = {CE5D46BD-B3C3-43E2-AFD6-2A74C083CF1E}
		{3E163162-A8EB-4B92-A8F6-82F8AE80DEB3} = {DCA028F3-6569-49B0-90D3-F6D67814AA0A}
		{F6A424A1-2D9A-4B57-A30A-6D2F7CB1FE8D} = {F4088920-FA1A-4BE3-A578-BED66E96F81D}
		{74E7C8EC-2587-440B-86CA-9896A82F7D83} = {B22A1379-8C9C-4E8E-A257-D16520C81E7F}
		{55DD4328-68A6-4801-9C94-00A5EB7B16CF} = {B22A1379-8C9C-4E8E-A257-D16520C81E7F}
		{58474A0E-48DA-4F08-ACEB-6F9D08D19F8B} = {B22A1379-8C9C-4E8E-A257-D16520C81E7F}
		{6D6F2E90-562F-4047-ACBD-F3A9976CA761} = {B22A1379-8C9C-4E8E-A257-D16520C81E7F}
		{38DC50C2-2DA7-E3EA-11FB-B12D231C81A1} = {F4088920-FA1A-4BE3-A578-BED66E96F81D}
		{2E19AFD9-EA29-4BE7-BFAE-93AA48B20139} = {F4088920-FA1A-4BE3-A578-BED66E96F81D}
		{71392D3A-5CB8-45B4-8CDD-B1CEF836F45F} = {F4088920-FA1A-4BE3-A578-BED66E96F81D}
		{103DCA50-E698-4E32-BDC8-29D961C86509} = {F4088920-FA1A-4BE3-A578-BED66E96F81D}
	EndGlobalSection
	GlobalSection(ExtensibilityGlobals) = postSolution
		SolutionGuid = {DAE00D61-06C7-476D-9B0A-DD672A8CE77B}
	EndGlobalSection
EndGlobal
